{
  "name": "llbalancer",
  "version": "1.0.0",
  "lockfileVersion": 1,
  "requires": true,
  "dependencies": {
    "@types/google-apps-script": {
      "version": "1.0.11",
      "resolved": "https://registry.npmjs.org/@types/google-apps-script/-/google-apps-script-1.0.11.tgz",
      "integrity": "sha512-LQS3WtXMv/dcU3kdk2DT80fdTZUdL+7Wi4mIZFBYisbx8SBSln7uPDhejpe9BiULvEscZW74pgqrD+rqAaZw5w=="
    },
    "node-fetch": {
      "version": "2.6.1",
      "resolved": "https://registry.npmjs.org/node-fetch/-/node-fetch-2.6.1.tgz",
      "integrity": "sha512-V4aYg89jEoVRxRb2fJdAg8FHvI7cEyYdVAh94HH0UIK8oJxUfkjlDQN9RbMx+bEjP7+ggMiFRprSti032Oipxw=="
    }
  }
}
